
Microsoft Visual Studio Solution File, Format Version 11.00
# Visual Studio 2010
Project("{FAE04EC0-301F-11D3-BF4B-00C04F79EFBC}") = "Business_Bill", "Business_Bill\Business_Bill.csproj", "{AEF94362-D08D-4D9A-B854-3C9472774BFD}"
EndProject
Project("{FAE04EC0-301F-11D3-BF4B-00C04F79EFBC}") = "bll", "bll\bll.csproj", "{3575D22F-E0E1-43C2-B4B0-AA62BD9B3E96}"
EndProject
Project("{FAE04EC0-301F-11D3-BF4B-00C04F79EFBC}") = "dal", "dal\dal.csproj", "{68C8C020-B82B-4CA2-8C89-E676C431C943}"
EndProject
Project("{FAE04EC0-301F-11D3-BF4B-00C04F79EFBC}") = "model", "model\model.csproj", "{DCD06DA0-1A70-46B0-8177-DAB506724E96}"
EndProject
Global
	GlobalSection(SolutionConfigurationPlatforms) = preSolution
		Debug|Any CPU = Debug|Any CPU
		Debug|Mixed Platforms = Debug|Mixed Platforms
		Debug|x86 = Debug|x86
		Release|Any CPU = Release|Any CPU
		Release|Mixed Platforms = Release|Mixed Platforms
		Release|x86 = Release|x86
	EndGlobalSection
	GlobalSection(ProjectConfigurationPlatforms) = postSolution
		{AEF94362-D08D-4D9A-B854-3C9472774BFD}.Debug|Any CPU.ActiveCfg = Debug|x86
		{AEF94362-D08D-4D9A-B854-3C9472774BFD}.Debug|Mixed Platforms.ActiveCfg = Debug|x86
		{AEF94362-D08D-4D9A-B854-3C9472774BFD}.Debug|Mixed Platforms.Build.0 = Debug|x86
		{AEF94362-D08D-4D9A-B854-3C9472774BFD}.Debug|x86.ActiveCfg = Debug|x86
		{AEF94362-D08D-4D9A-B854-3C9472774BFD}.Debug|x86.Build.0 = Debug|x86
		{AEF94362-D08D-4D9A-B854-3C9472774BFD}.Release|Any CPU.ActiveCfg = Release|x86
		{AEF94362-D08D-4D9A-B854-3C9472774BFD}.Release|Mixed Platforms.ActiveCfg = Release|x86
		{AEF94362-D08D-4D9A-B854-3C9472774BFD}.Release|Mixed Platforms.Build.0 = Release|x86
		{AEF94362-D08D-4D9A-B854-3C9472774BFD}.Release|x86.ActiveCfg = Release|x86
		{AEF94362-D08D-4D9A-B854-3C9472774BFD}.Release|x86.Build.0 = Release|x86
		{3575D22F-E0E1-43C2-B4B0-AA62BD9B3E96}.Debug|Any CPU.ActiveCfg = Debug|Any CPU
		{3575D22F-E0E1-43C2-B4B0-AA62BD9B3E96}.Debug|Any CPU.Build.0 = Debug|Any CPU
		{3575D22F-E0E1-43C2-B4B0-AA62BD9B3E96}.Debug|Mixed Platforms.ActiveCfg = Debug|Any CPU
		{3575D22F-E0E1-43C2-B4B0-AA62BD9B3E96}.Debug|Mixed Platforms.Build.0 = Debug|Any CPU
		{3575D22F-E0E1-43C2-B4B0-AA62BD9B3E96}.Debug|x86.ActiveCfg = Debug|Any CPU
		{3575D22F-E0E1-43C2-B4B0-AA62BD9B3E96}.Release|Any CPU.ActiveCfg = Release|Any CPU
		{3575D22F-E0E1-43C2-B4B0-AA62BD9B3E96}.Release|Any CPU.Build.0 = Release|Any CPU
		{3575D22F-E0E1-43C2-B4B0-AA62BD9B3E96}.Release|Mixed Platforms.ActiveCfg = Release|Any CPU
		{3575D22F-E0E1-43C2-B4B0-AA62BD9B3E96}.Release|Mixed Platforms.Build.0 = Release|Any CPU
		{3575D22F-E0E1-43C2-B4B0-AA62BD9B3E96}.Release|x86.ActiveCfg = Release|Any CPU
		{68C8C020-B82B-4CA2-8C89-E676C431C943}.Debug|Any CPU.ActiveCfg = Debug|Any CPU
		{68C8C020-B82B-4CA2-8C89-E676C431C943}.Debug|Any CPU.Build.0 = Debug|Any CPU
		{68C8C020-B82B-4CA2-8C89-E676C431C943}.Debug|Mixed Platforms.ActiveCfg = Debug|Any CPU
		{68C8C020-B82B-4CA2-8C89-E676C431C943}.Debug|Mixed Platforms.Build.0 = Debug|Any CPU
		{68C8C020-B82B-4CA2-8C89-E676C431C943}.Debug|x86.ActiveCfg = Debug|Any CPU
		{68C8C020-B82B-4CA2-8C89-E676C431C943}.Release|Any CPU.ActiveCfg = Release|Any CPU
		{68C8C020-B82B-4CA2-8C89-E676C431C943}.Release|Any CPU.Build.0 = Release|Any CPU
		{68C8C020-B82B-4CA2-8C89-E676C431C943}.Release|Mixed Platforms.ActiveCfg = Release|Any CPU
		{68C8C020-B82B-4CA2-8C89-E676C431C943}.Release|Mixed Platforms.Build.0 = Release|Any CPU
		{68C8C020-B82B-4CA2-8C89-E676C431C943}.Release|x86.ActiveCfg = Release|Any CPU
		{DCD06DA0-1A70-46B0-8177-DAB506724E96}.Debug|Any CPU.ActiveCfg = Debug|Any CPU
		{DCD06DA0-1A70-46B0-8177-DAB506724E96}.Debug|Any CPU.Build.0 = Debug|Any CPU
		{DCD06DA0-1A70-46B0-8177-DAB506724E96}.Debug|Mixed Platforms.ActiveCfg = Debug|Any CPU
		{DCD06DA0-1A70-46B0-8177-DAB506724E96}.Debug|Mixed Platforms.Build.0 = Debug|Any CPU
		{DCD06DA0-1A70-46B0-8177-DAB506724E96}.Debug|x86.ActiveCfg = Debug|Any CPU
		{DCD06DA0-1A70-46B0-8177-DAB506724E96}.Release|Any CPU.ActiveCfg = Release|Any CPU
		{DCD06DA0-1A70-46B0-8177-DAB506724E96}.Release|Any CPU.Build.0 = Release|Any CPU
		{DCD06DA0-1A70-46B0-8177-DAB506724E96}.Release|Mixed Platforms.ActiveCfg = Release|Any CPU
		{DCD06DA0-1A70-46B0-8177-DAB506724E96}.Release|Mixed Platforms.Build.0 = Release|Any CPU
		{DCD06DA0-1A70-46B0-8177-DAB506724E96}.Release|x86.ActiveCfg = Release|Any CPU
	EndGlobalSection
	GlobalSection(SolutionProperties) = preSolution
		HideSolutionNode = FALSE
	EndGlobalSection
EndGlobal
